// !$*UTF8*$!
{
	archiveVersion = 1;
	classes = {
	};
	objectVersion = 46;
	objects = {

/* Begin PBXBuildFile section */
		0EB31FFB194BC158005A3B82 /* SearchViewController.m in Sources */ = {isa = PBXBuildFile; fileRef = 0EB31FFA194BC158005A3B82 /* SearchViewController.m */; };
		0EB31FFE194BC176005A3B82 /* ProfileViewController.m in Sources */ = {isa = PBXBuildFile; fileRef = 0EB31FFD194BC176005A3B82 /* ProfileViewController.m */; };
		0EB32001194BC19E005A3B82 /* ChatViewController.m in Sources */ = {isa = PBXBuildFile; fileRef = 0EB32000194BC19E005A3B82 /* ChatViewController.m */; };
		0EB32003194BC369005A3B82 /* MapKit.framework in Frameworks */ = {isa = PBXBuildFile; fileRef = 0EB32002194BC369005A3B82 /* MapKit.framework */; };
		0EB32005194BD2D4005A3B82 /* Parse.framework in Frameworks */ = {isa = PBXBuildFile; fileRef = 0EB32004194BD2D4005A3B82 /* Parse.framework */; };
		0EB3200B194CBDD0005A3B82 /* TDOAuth.m in Sources */ = {isa = PBXBuildFile; fileRef = 0EB3200A194CBDD0005A3B82 /* TDOAuth.m */; };
		0EB3200E194E384D005A3B82 /* Bar.m in Sources */ = {isa = PBXBuildFile; fileRef = 0EB3200D194E384D005A3B82 /* Bar.m */; };
		0EB32011194E4AC3005A3B82 /* SearchTableViewCell.m in Sources */ = {isa = PBXBuildFile; fileRef = 0EB32010194E4AC3005A3B82 /* SearchTableViewCell.m */; };
		0ECEAEE8194F69A000B92C40 /* YelpBar.m in Sources */ = {isa = PBXBuildFile; fileRef = 0ECEAEE7194F69A000B92C40 /* YelpBar.m */; };
		0ECEAEEB194F6FAC00B92C40 /* BarDetailViewController.m in Sources */ = {isa = PBXBuildFile; fileRef = 0ECEAEEA194F6FAC00B92C40 /* BarDetailViewController.m */; };
		0ECEAEEE194F8AD200B92C40 /* BarWebpageViewController.m in Sources */ = {isa = PBXBuildFile; fileRef = 0ECEAEED194F8AD200B92C40 /* BarWebpageViewController.m */; };
		9BDBE4FD194F3EB50045C05B /* MCManager.m in Sources */ = {isa = PBXBuildFile; fileRef = 9BDBE4FC194F3EB50045C05B /* MCManager.m */; };
		9BDBE500194F47380045C05B /* OPPViewController.m in Sources */ = {isa = PBXBuildFile; fileRef = 9BDBE4FF194F47380045C05B /* OPPViewController.m */; };
		9BDBE503194F47830045C05B /* ChatBoxViewController.m in Sources */ = {isa = PBXBuildFile; fileRef = 9BDBE502194F47830045C05B /* ChatBoxViewController.m */; };
		9BDBE506194F50200045C05B /* ListOfUsersTableViewCell.m in Sources */ = {isa = PBXBuildFile; fileRef = 9BDBE505194F50200045C05B /* ListOfUsersTableViewCell.m */; };
		9BDBE508194F8A400045C05B /* MultipeerConnectivity.framework in Frameworks */ = {isa = PBXBuildFile; fileRef = 9BDBE507194F8A400045C05B /* MultipeerConnectivity.framework */; };
		B0782C3C194BB3700022E6E7 /* Foundation.framework in Frameworks */ = {isa = PBXBuildFile; fileRef = B0782C3B194BB3700022E6E7 /* Foundation.framework */; };
		B0782C3E194BB3700022E6E7 /* CoreGraphics.framework in Frameworks */ = {isa = PBXBuildFile; fileRef = B0782C3D194BB3700022E6E7 /* CoreGraphics.framework */; };
		B0782C40194BB3700022E6E7 /* UIKit.framework in Frameworks */ = {isa = PBXBuildFile; fileRef = B0782C3F194BB3700022E6E7 /* UIKit.framework */; };
		B0782C46194BB3700022E6E7 /* InfoPlist.strings in Resources */ = {isa = PBXBuildFile; fileRef = B0782C44194BB3700022E6E7 /* InfoPlist.strings */; };
		B0782C48194BB3700022E6E7 /* main.m in Sources */ = {isa = PBXBuildFile; fileRef = B0782C47194BB3700022E6E7 /* main.m */; };
		B0782C4C194BB3700022E6E7 /* AppDelegate.m in Sources */ = {isa = PBXBuildFile; fileRef = B0782C4B194BB3700022E6E7 /* AppDelegate.m */; };
		B0782C4F194BB3700022E6E7 /* Main.storyboard in Resources */ = {isa = PBXBuildFile; fileRef = B0782C4D194BB3700022E6E7 /* Main.storyboard */; };
		B0782C54194BB3700022E6E7 /* Images.xcassets in Resources */ = {isa = PBXBuildFile; fileRef = B0782C53194BB3700022E6E7 /* Images.xcassets */; };
		B0782C5B194BB3700022E6E7 /* XCTest.framework in Frameworks */ = {isa = PBXBuildFile; fileRef = B0782C5A194BB3700022E6E7 /* XCTest.framework */; };
		B0782C5C194BB3700022E6E7 /* Foundation.framework in Frameworks */ = {isa = PBXBuildFile; fileRef = B0782C3B194BB3700022E6E7 /* Foundation.framework */; };
		B0782C5D194BB3700022E6E7 /* UIKit.framework in Frameworks */ = {isa = PBXBuildFile; fileRef = B0782C3F194BB3700022E6E7 /* UIKit.framework */; };
		B0782C65194BB3700022E6E7 /* InfoPlist.strings in Resources */ = {isa = PBXBuildFile; fileRef = B0782C63194BB3700022E6E7 /* InfoPlist.strings */; };
		B0782C67194BB3700022E6E7 /* PubChatterTests.m in Sources */ = {isa = PBXBuildFile; fileRef = B0782C66194BB3700022E6E7 /* PubChatterTests.m */; };
		B0782C71194BB3ED0022E6E7 /* SystemConfiguration.framework in Frameworks */ = {isa = PBXBuildFile; fileRef = B0782C70194BB3ED0022E6E7 /* SystemConfiguration.framework */; };
		B0782C73194BB3F20022E6E7 /* StoreKit.framework in Frameworks */ = {isa = PBXBuildFile; fileRef = B0782C72194BB3F20022E6E7 /* StoreKit.framework */; };
		B0782C75194BB3F70022E6E7 /* Security.framework in Frameworks */ = {isa = PBXBuildFile; fileRef = B0782C74194BB3F70022E6E7 /* Security.framework */; };
		B0782C77194BB3FE0022E6E7 /* QuartzCore.framework in Frameworks */ = {isa = PBXBuildFile; fileRef = B0782C76194BB3FE0022E6E7 /* QuartzCore.framework */; };
		B0782C79194BB4040022E6E7 /* MobileCoreServices.framework in Frameworks */ = {isa = PBXBuildFile; fileRef = B0782C78194BB4040022E6E7 /* MobileCoreServices.framework */; };
		B0782C7B194BB40A0022E6E7 /* libz.dylib in Frameworks */ = {isa = PBXBuildFile; fileRef = B0782C7A194BB40A0022E6E7 /* libz.dylib */; };
		B0782C7D194BB40F0022E6E7 /* CFNetwork.framework in Frameworks */ = {isa = PBXBuildFile; fileRef = B0782C7C194BB40F0022E6E7 /* CFNetwork.framework */; };
		B0782C7F194BB4170022E6E7 /* AudioToolbox.framework in Frameworks */ = {isa = PBXBuildFile; fileRef = B0782C7E194BB4170022E6E7 /* AudioToolbox.framework */; };
		B0782C81194BB41D0022E6E7 /* CoreLocation.framework in Frameworks */ = {isa = PBXBuildFile; fileRef = B0782C80194BB41D0022E6E7 /* CoreLocation.framework */; };
		B0782C83194BB4260022E6E7 /* Social.framework in Frameworks */ = {isa = PBXBuildFile; fileRef = B0782C82194BB4260022E6E7 /* Social.framework */; };
		B0782C85194BB42B0022E6E7 /* Accounts.framework in Frameworks */ = {isa = PBXBuildFile; fileRef = B0782C84194BB42B0022E6E7 /* Accounts.framework */; };
		B0782CCE194E0D560022E6E7 /* CoreBluetooth.framework in Frameworks */ = {isa = PBXBuildFile; fileRef = B0782CCD194E0D560022E6E7 /* CoreBluetooth.framework */; };
		B0782CD1194F850B0022E6E7 /* EditProfileViewController.m in Sources */ = {isa = PBXBuildFile; fileRef = B0782CD0194F850B0022E6E7 /* EditProfileViewController.m */; };
/* End PBXBuildFile section */

/* Begin PBXContainerItemProxy section */
		B0782C5E194BB3700022E6E7 /* PBXContainerItemProxy */ = {
			isa = PBXContainerItemProxy;
			containerPortal = B0782C30194BB3700022E6E7 /* Project object */;
			proxyType = 1;
			remoteGlobalIDString = B0782C37194BB3700022E6E7;
			remoteInfo = PubChatter;
		};
/* End PBXContainerItemProxy section */

/* Begin PBXFileReference section */
		0EB31FF9194BC158005A3B82 /* SearchViewController.h */ = {isa = PBXFileReference; fileEncoding = 4; lastKnownFileType = sourcecode.c.h; path = SearchViewController.h; sourceTree = "<group>"; };
		0EB31FFA194BC158005A3B82 /* SearchViewController.m */ = {isa = PBXFileReference; fileEncoding = 4; lastKnownFileType = sourcecode.c.objc; path = SearchViewController.m; sourceTree = "<group>"; };
		0EB31FFC194BC176005A3B82 /* ProfileViewController.h */ = {isa = PBXFileReference; fileEncoding = 4; lastKnownFileType = sourcecode.c.h; name = ProfileViewController.h; path = PubChatter/ProfileViewController.h; sourceTree = "<group>"; };
		0EB31FFD194BC176005A3B82 /* ProfileViewController.m */ = {isa = PBXFileReference; fileEncoding = 4; lastKnownFileType = sourcecode.c.objc; name = ProfileViewController.m; path = PubChatter/ProfileViewController.m; sourceTree = "<group>"; };
		0EB31FFF194BC19E005A3B82 /* ChatViewController.h */ = {isa = PBXFileReference; fileEncoding = 4; lastKnownFileType = sourcecode.c.h; name = ChatViewController.h; path = PubChatter/ChatViewController.h; sourceTree = "<group>"; };
		0EB32000194BC19E005A3B82 /* ChatViewController.m */ = {isa = PBXFileReference; fileEncoding = 4; lastKnownFileType = sourcecode.c.objc; name = ChatViewController.m; path = PubChatter/ChatViewController.m; sourceTree = "<group>"; };
		0EB32002194BC369005A3B82 /* MapKit.framework */ = {isa = PBXFileReference; lastKnownFileType = wrapper.framework; name = MapKit.framework; path = System/Library/Frameworks/MapKit.framework; sourceTree = SDKROOT; };
		0EB32004194BD2D4005A3B82 /* Parse.framework */ = {isa = PBXFileReference; lastKnownFileType = wrapper.framework; path = Parse.framework; sourceTree = "<group>"; };
		0EB32009194CBDD0005A3B82 /* TDOAuth.h */ = {isa = PBXFileReference; fileEncoding = 4; lastKnownFileType = sourcecode.c.h; path = TDOAuth.h; sourceTree = "<group>"; };
		0EB3200A194CBDD0005A3B82 /* TDOAuth.m */ = {isa = PBXFileReference; fileEncoding = 4; lastKnownFileType = sourcecode.c.objc; path = TDOAuth.m; sourceTree = "<group>"; };
		0EB3200C194E384D005A3B82 /* Bar.h */ = {isa = PBXFileReference; fileEncoding = 4; lastKnownFileType = sourcecode.c.h; path = Bar.h; sourceTree = "<group>"; };
		0EB3200D194E384D005A3B82 /* Bar.m */ = {isa = PBXFileReference; fileEncoding = 4; lastKnownFileType = sourcecode.c.objc; path = Bar.m; sourceTree = "<group>"; };
		0EB3200F194E4AC3005A3B82 /* SearchTableViewCell.h */ = {isa = PBXFileReference; fileEncoding = 4; lastKnownFileType = sourcecode.c.h; path = SearchTableViewCell.h; sourceTree = "<group>"; };
		0EB32010194E4AC3005A3B82 /* SearchTableViewCell.m */ = {isa = PBXFileReference; fileEncoding = 4; lastKnownFileType = sourcecode.c.objc; path = SearchTableViewCell.m; sourceTree = "<group>"; };
		0ECEAEE6194F69A000B92C40 /* YelpBar.h */ = {isa = PBXFileReference; fileEncoding = 4; lastKnownFileType = sourcecode.c.h; path = YelpBar.h; sourceTree = "<group>"; };
		0ECEAEE7194F69A000B92C40 /* YelpBar.m */ = {isa = PBXFileReference; fileEncoding = 4; lastKnownFileType = sourcecode.c.objc; path = YelpBar.m; sourceTree = "<group>"; };
		0ECEAEE9194F6FAC00B92C40 /* BarDetailViewController.h */ = {isa = PBXFileReference; fileEncoding = 4; lastKnownFileType = sourcecode.c.h; path = BarDetailViewController.h; sourceTree = "<group>"; };
		0ECEAEEA194F6FAC00B92C40 /* BarDetailViewController.m */ = {isa = PBXFileReference; fileEncoding = 4; lastKnownFileType = sourcecode.c.objc; path = BarDetailViewController.m; sourceTree = "<group>"; };
		0ECEAEEC194F8AD200B92C40 /* BarWebpageViewController.h */ = {isa = PBXFileReference; fileEncoding = 4; lastKnownFileType = sourcecode.c.h; name = BarWebpageViewController.h; path = ../BarWebpageViewController.h; sourceTree = "<group>"; };
		0ECEAEED194F8AD200B92C40 /* BarWebpageViewController.m */ = {isa = PBXFileReference; fileEncoding = 4; lastKnownFileType = sourcecode.c.objc; name = BarWebpageViewController.m; path = ../BarWebpageViewController.m; sourceTree = "<group>"; };
		9BDBE4FB194F3EB50045C05B /* MCManager.h */ = {isa = PBXFileReference; fileEncoding = 4; lastKnownFileType = sourcecode.c.h; path = MCManager.h; sourceTree = "<group>"; };
		9BDBE4FC194F3EB50045C05B /* MCManager.m */ = {isa = PBXFileReference; fileEncoding = 4; lastKnownFileType = sourcecode.c.objc; path = MCManager.m; sourceTree = "<group>"; };
		9BDBE4FE194F47380045C05B /* OPPViewController.h */ = {isa = PBXFileReference; fileEncoding = 4; lastKnownFileType = sourcecode.c.h; path = OPPViewController.h; sourceTree = "<group>"; };
		9BDBE4FF194F47380045C05B /* OPPViewController.m */ = {isa = PBXFileReference; fileEncoding = 4; lastKnownFileType = sourcecode.c.objc; path = OPPViewController.m; sourceTree = "<group>"; };
		9BDBE501194F47830045C05B /* ChatBoxViewController.h */ = {isa = PBXFileReference; fileEncoding = 4; lastKnownFileType = sourcecode.c.h; path = ChatBoxViewController.h; sourceTree = "<group>"; };
		9BDBE502194F47830045C05B /* ChatBoxViewController.m */ = {isa = PBXFileReference; fileEncoding = 4; lastKnownFileType = sourcecode.c.objc; path = ChatBoxViewController.m; sourceTree = "<group>"; };
		9BDBE504194F50200045C05B /* ListOfUsersTableViewCell.h */ = {isa = PBXFileReference; fileEncoding = 4; lastKnownFileType = sourcecode.c.h; name = ListOfUsersTableViewCell.h; path = ../ListOfUsersTableViewCell.h; sourceTree = "<group>"; };
		9BDBE505194F50200045C05B /* ListOfUsersTableViewCell.m */ = {isa = PBXFileReference; fileEncoding = 4; lastKnownFileType = sourcecode.c.objc; name = ListOfUsersTableViewCell.m; path = ../ListOfUsersTableViewCell.m; sourceTree = "<group>"; };
		9BDBE507194F8A400045C05B /* MultipeerConnectivity.framework */ = {isa = PBXFileReference; lastKnownFileType = wrapper.framework; name = MultipeerConnectivity.framework; path = System/Library/Frameworks/MultipeerConnectivity.framework; sourceTree = SDKROOT; };
		B0782C38194BB3700022E6E7 /* PubChatter.app */ = {isa = PBXFileReference; explicitFileType = wrapper.application; includeInIndex = 0; path = PubChatter.app; sourceTree = BUILT_PRODUCTS_DIR; };
		B0782C3B194BB3700022E6E7 /* Foundation.framework */ = {isa = PBXFileReference; lastKnownFileType = wrapper.framework; name = Foundation.framework; path = System/Library/Frameworks/Foundation.framework; sourceTree = SDKROOT; };
		B0782C3D194BB3700022E6E7 /* CoreGraphics.framework */ = {isa = PBXFileReference; lastKnownFileType = wrapper.framework; name = CoreGraphics.framework; path = System/Library/Frameworks/CoreGraphics.framework; sourceTree = SDKROOT; };
		B0782C3F194BB3700022E6E7 /* UIKit.framework */ = {isa = PBXFileReference; lastKnownFileType = wrapper.framework; name = UIKit.framework; path = System/Library/Frameworks/UIKit.framework; sourceTree = SDKROOT; };
		B0782C43194BB3700022E6E7 /* PubChatter-Info.plist */ = {isa = PBXFileReference; lastKnownFileType = text.plist.xml; path = "PubChatter-Info.plist"; sourceTree = "<group>"; };
		B0782C45194BB3700022E6E7 /* en */ = {isa = PBXFileReference; lastKnownFileType = text.plist.strings; name = en; path = en.lproj/InfoPlist.strings; sourceTree = "<group>"; };
		B0782C47194BB3700022E6E7 /* main.m */ = {isa = PBXFileReference; lastKnownFileType = sourcecode.c.objc; path = main.m; sourceTree = "<group>"; };
		B0782C49194BB3700022E6E7 /* PubChatter-Prefix.pch */ = {isa = PBXFileReference; lastKnownFileType = sourcecode.c.h; path = "PubChatter-Prefix.pch"; sourceTree = "<group>"; };
		B0782C4A194BB3700022E6E7 /* AppDelegate.h */ = {isa = PBXFileReference; lastKnownFileType = sourcecode.c.h; path = AppDelegate.h; sourceTree = "<group>"; };
		B0782C4B194BB3700022E6E7 /* AppDelegate.m */ = {isa = PBXFileReference; lastKnownFileType = sourcecode.c.objc; path = AppDelegate.m; sourceTree = "<group>"; };
		B0782C4E194BB3700022E6E7 /* Base */ = {isa = PBXFileReference; lastKnownFileType = file.storyboard; name = Base; path = Base.lproj/Main.storyboard; sourceTree = "<group>"; };
		B0782C53194BB3700022E6E7 /* Images.xcassets */ = {isa = PBXFileReference; lastKnownFileType = folder.assetcatalog; path = Images.xcassets; sourceTree = "<group>"; };
		B0782C59194BB3700022E6E7 /* PubChatterTests.xctest */ = {isa = PBXFileReference; explicitFileType = wrapper.cfbundle; includeInIndex = 0; path = PubChatterTests.xctest; sourceTree = BUILT_PRODUCTS_DIR; };
		B0782C5A194BB3700022E6E7 /* XCTest.framework */ = {isa = PBXFileReference; lastKnownFileType = wrapper.framework; name = XCTest.framework; path = Library/Frameworks/XCTest.framework; sourceTree = DEVELOPER_DIR; };
		B0782C62194BB3700022E6E7 /* PubChatterTests-Info.plist */ = {isa = PBXFileReference; lastKnownFileType = text.plist.xml; path = "PubChatterTests-Info.plist"; sourceTree = "<group>"; };
		B0782C64194BB3700022E6E7 /* en */ = {isa = PBXFileReference; lastKnownFileType = text.plist.strings; name = en; path = en.lproj/InfoPlist.strings; sourceTree = "<group>"; };
		B0782C66194BB3700022E6E7 /* PubChatterTests.m */ = {isa = PBXFileReference; lastKnownFileType = sourcecode.c.objc; path = PubChatterTests.m; sourceTree = "<group>"; };
		B0782C70194BB3ED0022E6E7 /* SystemConfiguration.framework */ = {isa = PBXFileReference; lastKnownFileType = wrapper.framework; name = SystemConfiguration.framework; path = System/Library/Frameworks/SystemConfiguration.framework; sourceTree = SDKROOT; };
		B0782C72194BB3F20022E6E7 /* StoreKit.framework */ = {isa = PBXFileReference; lastKnownFileType = wrapper.framework; name = StoreKit.framework; path = System/Library/Frameworks/StoreKit.framework; sourceTree = SDKROOT; };
		B0782C74194BB3F70022E6E7 /* Security.framework */ = {isa = PBXFileReference; lastKnownFileType = wrapper.framework; name = Security.framework; path = System/Library/Frameworks/Security.framework; sourceTree = SDKROOT; };
		B0782C76194BB3FE0022E6E7 /* QuartzCore.framework */ = {isa = PBXFileReference; lastKnownFileType = wrapper.framework; name = QuartzCore.framework; path = System/Library/Frameworks/QuartzCore.framework; sourceTree = SDKROOT; };
		B0782C78194BB4040022E6E7 /* MobileCoreServices.framework */ = {isa = PBXFileReference; lastKnownFileType = wrapper.framework; name = MobileCoreServices.framework; path = System/Library/Frameworks/MobileCoreServices.framework; sourceTree = SDKROOT; };
		B0782C7A194BB40A0022E6E7 /* libz.dylib */ = {isa = PBXFileReference; lastKnownFileType = "compiled.mach-o.dylib"; name = libz.dylib; path = usr/lib/libz.dylib; sourceTree = SDKROOT; };
		B0782C7C194BB40F0022E6E7 /* CFNetwork.framework */ = {isa = PBXFileReference; lastKnownFileType = wrapper.framework; name = CFNetwork.framework; path = System/Library/Frameworks/CFNetwork.framework; sourceTree = SDKROOT; };
		B0782C7E194BB4170022E6E7 /* AudioToolbox.framework */ = {isa = PBXFileReference; lastKnownFileType = wrapper.framework; name = AudioToolbox.framework; path = System/Library/Frameworks/AudioToolbox.framework; sourceTree = SDKROOT; };
		B0782C80194BB41D0022E6E7 /* CoreLocation.framework */ = {isa = PBXFileReference; lastKnownFileType = wrapper.framework; name = CoreLocation.framework; path = System/Library/Frameworks/CoreLocation.framework; sourceTree = SDKROOT; };
		B0782C82194BB4260022E6E7 /* Social.framework */ = {isa = PBXFileReference; lastKnownFileType = wrapper.framework; name = Social.framework; path = System/Library/Frameworks/Social.framework; sourceTree = SDKROOT; };
		B0782C84194BB42B0022E6E7 /* Accounts.framework */ = {isa = PBXFileReference; lastKnownFileType = wrapper.framework; name = Accounts.framework; path = System/Library/Frameworks/Accounts.framework; sourceTree = SDKROOT; };
		B0782CCD194E0D560022E6E7 /* CoreBluetooth.framework */ = {isa = PBXFileReference; lastKnownFileType = wrapper.framework; name = CoreBluetooth.framework; path = System/Library/Frameworks/CoreBluetooth.framework; sourceTree = SDKROOT; };
		B0782CCF194F850B0022E6E7 /* EditProfileViewController.h */ = {isa = PBXFileReference; fileEncoding = 4; lastKnownFileType = sourcecode.c.h; path = EditProfileViewController.h; sourceTree = "<group>"; };
		B0782CD0194F850B0022E6E7 /* EditProfileViewController.m */ = {isa = PBXFileReference; fileEncoding = 4; lastKnownFileType = sourcecode.c.objc; path = EditProfileViewController.m; sourceTree = "<group>"; };
/* End PBXFileReference section */

/* Begin PBXFrameworksBuildPhase section */
		B0782C35194BB3700022E6E7 /* Frameworks */ = {
			isa = PBXFrameworksBuildPhase;
			buildActionMask = 2147483647;
			files = (
				9BDBE508194F8A400045C05B /* MultipeerConnectivity.framework in Frameworks */,
				B0782CCE194E0D560022E6E7 /* CoreBluetooth.framework in Frameworks */,
				0EB32003194BC369005A3B82 /* MapKit.framework in Frameworks */,
				B0782C85194BB42B0022E6E7 /* Accounts.framework in Frameworks */,
				B0782C83194BB4260022E6E7 /* Social.framework in Frameworks */,
				B0782C3E194BB3700022E6E7 /* CoreGraphics.framework in Frameworks */,
				B0782C81194BB41D0022E6E7 /* CoreLocation.framework in Frameworks */,
				0EB32005194BD2D4005A3B82 /* Parse.framework in Frameworks */,
				B0782C7F194BB4170022E6E7 /* AudioToolbox.framework in Frameworks */,
				B0782C7D194BB40F0022E6E7 /* CFNetwork.framework in Frameworks */,
				B0782C7B194BB40A0022E6E7 /* libz.dylib in Frameworks */,
				B0782C79194BB4040022E6E7 /* MobileCoreServices.framework in Frameworks */,
				B0782C77194BB3FE0022E6E7 /* QuartzCore.framework in Frameworks */,
				B0782C75194BB3F70022E6E7 /* Security.framework in Frameworks */,
				B0782C73194BB3F20022E6E7 /* StoreKit.framework in Frameworks */,
				B0782C71194BB3ED0022E6E7 /* SystemConfiguration.framework in Frameworks */,
				B0782C40194BB3700022E6E7 /* UIKit.framework in Frameworks */,
				B0782C3C194BB3700022E6E7 /* Foundation.framework in Frameworks */,
			);
			runOnlyForDeploymentPostprocessing = 0;
		};
		B0782C56194BB3700022E6E7 /* Frameworks */ = {
			isa = PBXFrameworksBuildPhase;
			buildActionMask = 2147483647;
			files = (
				B0782C5B194BB3700022E6E7 /* XCTest.framework in Frameworks */,
				B0782C5D194BB3700022E6E7 /* UIKit.framework in Frameworks */,
				B0782C5C194BB3700022E6E7 /* Foundation.framework in Frameworks */,
			);
			runOnlyForDeploymentPostprocessing = 0;
		};
/* End PBXFrameworksBuildPhase section */

/* Begin PBXGroup section */
		9BDBE559194FA3D00045C05B /* ChatVCs */ = {
			isa = PBXGroup;
			children = (
				0EB31FFF194BC19E005A3B82 /* ChatViewController.h */,
				0EB32000194BC19E005A3B82 /* ChatViewController.m */,
				9BDBE4FE194F47380045C05B /* OPPViewController.h */,
				9BDBE4FF194F47380045C05B /* OPPViewController.m */,
				9BDBE501194F47830045C05B /* ChatBoxViewController.h */,
				9BDBE502194F47830045C05B /* ChatBoxViewController.m */,
			);
			name = ChatVCs;
			path = ..;
			sourceTree = "<group>";
		};
		9BDBE55A194FA3FE0045C05B /* Search/Bar VCs */ = {
			isa = PBXGroup;
			children = (
				0ECEAEEC194F8AD200B92C40 /* BarWebpageViewController.h */,
				0ECEAEED194F8AD200B92C40 /* BarWebpageViewController.m */,
				0EB31FF9194BC158005A3B82 /* SearchViewController.h */,
				0EB31FFA194BC158005A3B82 /* SearchViewController.m */,
				0EB3200F194E4AC3005A3B82 /* SearchTableViewCell.h */,
				0EB32010194E4AC3005A3B82 /* SearchTableViewCell.m */,
			);
			name = "Search/Bar VCs";
			sourceTree = "<group>";
		};
		9BDBE55B194FA42C0045C05B /* MCManager */ = {
			isa = PBXGroup;
			children = (
				9BDBE4FB194F3EB50045C05B /* MCManager.h */,
				9BDBE4FC194F3EB50045C05B /* MCManager.m */,
			);
			name = MCManager;
			path = ..;
			sourceTree = "<group>";
		};
		9BDBE55C194FA44F0045C05B /* UserProfileVCs */ = {
			isa = PBXGroup;
			children = (
				0ECEAEE9194F6FAC00B92C40 /* BarDetailViewController.h */,
				0ECEAEEA194F6FAC00B92C40 /* BarDetailViewController.m */,
				0EB31FFC194BC176005A3B82 /* ProfileViewController.h */,
				0EB31FFD194BC176005A3B82 /* ProfileViewController.m */,
			);
			name = UserProfileVCs;
			path = ..;
			sourceTree = "<group>";
		};
		B0782C2F194BB3700022E6E7 = {
			isa = PBXGroup;
			children = (
				B0782C41194BB3700022E6E7 /* PubChatter */,
				B0782C60194BB3700022E6E7 /* PubChatterTests */,
				B0782C3A194BB3700022E6E7 /* Frameworks */,
				B0782C39194BB3700022E6E7 /* Products */,
			);
			sourceTree = "<group>";
		};
		B0782C39194BB3700022E6E7 /* Products */ = {
			isa = PBXGroup;
			children = (
				B0782C38194BB3700022E6E7 /* PubChatter.app */,
				B0782C59194BB3700022E6E7 /* PubChatterTests.xctest */,
			);
			name = Products;
			sourceTree = "<group>";
		};
		B0782C3A194BB3700022E6E7 /* Frameworks */ = {
			isa = PBXGroup;
			children = (
				9BDBE507194F8A400045C05B /* MultipeerConnectivity.framework */,
				B0782C7E194BB4170022E6E7 /* AudioToolbox.framework */,
				B0782C84194BB42B0022E6E7 /* Accounts.framework */,
				B0782C80194BB41D0022E6E7 /* CoreLocation.framework */,
				B0782C3D194BB3700022E6E7 /* CoreGraphics.framework */,
				B0782CCD194E0D560022E6E7 /* CoreBluetooth.framework */,
				0EB32004194BD2D4005A3B82 /* Parse.framework */,
				0EB32002194BC369005A3B82 /* MapKit.framework */,
				B0782C82194BB4260022E6E7 /* Social.framework */,
				B0782C7C194BB40F0022E6E7 /* CFNetwork.framework */,
				B0782C7A194BB40A0022E6E7 /* libz.dylib */,
				B0782C78194BB4040022E6E7 /* MobileCoreServices.framework */,
				B0782C76194BB3FE0022E6E7 /* QuartzCore.framework */,
				B0782C74194BB3F70022E6E7 /* Security.framework */,
				B0782C72194BB3F20022E6E7 /* StoreKit.framework */,
				B0782C70194BB3ED0022E6E7 /* SystemConfiguration.framework */,
				B0782C3B194BB3700022E6E7 /* Foundation.framework */,
				B0782C3F194BB3700022E6E7 /* UIKit.framework */,
				B0782C5A194BB3700022E6E7 /* XCTest.framework */,
			);
			name = Frameworks;
			sourceTree = "<group>";
		};
		B0782C41194BB3700022E6E7 /* PubChatter */ = {
			isa = PBXGroup;
			children = (
				B0782C4A194BB3700022E6E7 /* AppDelegate.h */,
				B0782C4B194BB3700022E6E7 /* AppDelegate.m */,
				B0782C4D194BB3700022E6E7 /* Main.storyboard */,
				B0782CCF194F850B0022E6E7 /* EditProfileViewController.h */,
				B0782CD0194F850B0022E6E7 /* EditProfileViewController.m */,
				9BDBE55A194FA3FE0045C05B /* Search/Bar VCs */,
				9BDBE504194F50200045C05B /* ListOfUsersTableViewCell.h */,
				9BDBE505194F50200045C05B /* ListOfUsersTableViewCell.m */,
				0EB32009194CBDD0005A3B82 /* TDOAuth.h */,
				0EB3200A194CBDD0005A3B82 /* TDOAuth.m */,
				9BDBE55C194FA44F0045C05B /* UserProfileVCs */,
				9BDBE559194FA3D00045C05B /* ChatVCs */,
				9BDBE55B194FA42C0045C05B /* MCManager */,
				0EB3200C194E384D005A3B82 /* Bar.h */,
				0EB3200D194E384D005A3B82 /* Bar.m */,
				0ECEAEE6194F69A000B92C40 /* YelpBar.h */,
				0ECEAEE7194F69A000B92C40 /* YelpBar.m */,
				B0782C53194BB3700022E6E7 /* Images.xcassets */,
				B0782C42194BB3700022E6E7 /* Supporting Files */,
			);
			path = PubChatter;
			sourceTree = "<group>";
		};
		B0782C42194BB3700022E6E7 /* Supporting Files */ = {
			isa = PBXGroup;
			children = (
				B0782C43194BB3700022E6E7 /* PubChatter-Info.plist */,
				B0782C44194BB3700022E6E7 /* InfoPlist.strings */,
				B0782C47194BB3700022E6E7 /* main.m */,
				B0782C49194BB3700022E6E7 /* PubChatter-Prefix.pch */,
			);
			name = "Supporting Files";
			sourceTree = "<group>";
		};
		B0782C60194BB3700022E6E7 /* PubChatterTests */ = {
			isa = PBXGroup;
			children = (
				B0782C66194BB3700022E6E7 /* PubChatterTests.m */,
				B0782C61194BB3700022E6E7 /* Supporting Files */,
			);
			path = PubChatterTests;
			sourceTree = "<group>";
		};
		B0782C61194BB3700022E6E7 /* Supporting Files */ = {
			isa = PBXGroup;
			children = (
				B0782C62194BB3700022E6E7 /* PubChatterTests-Info.plist */,
				B0782C63194BB3700022E6E7 /* InfoPlist.strings */,
			);
			name = "Supporting Files";
			sourceTree = "<group>";
		};
/* End PBXGroup section */

/* Begin PBXNativeTarget section */
		B0782C37194BB3700022E6E7 /* PubChatter */ = {
			isa = PBXNativeTarget;
			buildConfigurationList = B0782C6A194BB3700022E6E7 /* Build configuration list for PBXNativeTarget "PubChatter" */;
			buildPhases = (
				B0782C34194BB3700022E6E7 /* Sources */,
				B0782C35194BB3700022E6E7 /* Frameworks */,
				B0782C36194BB3700022E6E7 /* Resources */,
			);
			buildRules = (
			);
			dependencies = (
			);
			name = PubChatter;
			productName = PubChatter;
			productReference = B0782C38194BB3700022E6E7 /* PubChatter.app */;
			productType = "com.apple.product-type.application";
		};
		B0782C58194BB3700022E6E7 /* PubChatterTests */ = {
			isa = PBXNativeTarget;
			buildConfigurationList = B0782C6D194BB3700022E6E7 /* Build configuration list for PBXNativeTarget "PubChatterTests" */;
			buildPhases = (
				B0782C55194BB3700022E6E7 /* Sources */,
				B0782C56194BB3700022E6E7 /* Frameworks */,
				B0782C57194BB3700022E6E7 /* Resources */,
			);
			buildRules = (
			);
			dependencies = (
				B0782C5F194BB3700022E6E7 /* PBXTargetDependency */,
			);
			name = PubChatterTests;
			productName = PubChatterTests;
			productReference = B0782C59194BB3700022E6E7 /* PubChatterTests.xctest */;
			productType = "com.apple.product-type.bundle.unit-test";
		};
/* End PBXNativeTarget section */

/* Begin PBXProject section */
		B0782C30194BB3700022E6E7 /* Project object */ = {
			isa = PBXProject;
			attributes = {
				LastUpgradeCheck = 0510;
				ORGANIZATIONNAME = "Naomi Himley";
				TargetAttributes = {
					B0782C58194BB3700022E6E7 = {
						TestTargetID = B0782C37194BB3700022E6E7;
					};
				};
			};
			buildConfigurationList = B0782C33194BB3700022E6E7 /* Build configuration list for PBXProject "PubChatter" */;
			compatibilityVersion = "Xcode 3.2";
			developmentRegion = English;
			hasScannedForEncodings = 0;
			knownRegions = (
				en,
				Base,
			);
			mainGroup = B0782C2F194BB3700022E6E7;
			productRefGroup = B0782C39194BB3700022E6E7 /* Products */;
			projectDirPath = "";
			projectRoot = "";
			targets = (
				B0782C37194BB3700022E6E7 /* PubChatter */,
				B0782C58194BB3700022E6E7 /* PubChatterTests */,
			);
		};
/* End PBXProject section */

/* Begin PBXResourcesBuildPhase section */
		B0782C36194BB3700022E6E7 /* Resources */ = {
			isa = PBXResourcesBuildPhase;
			buildActionMask = 2147483647;
			files = (
				B0782C54194BB3700022E6E7 /* Images.xcassets in Resources */,
				B0782C46194BB3700022E6E7 /* InfoPlist.strings in Resources */,
				B0782C4F194BB3700022E6E7 /* Main.storyboard in Resources */,
			);
			runOnlyForDeploymentPostprocessing = 0;
		};
		B0782C57194BB3700022E6E7 /* Resources */ = {
			isa = PBXResourcesBuildPhase;
			buildActionMask = 2147483647;
			files = (
				B0782C65194BB3700022E6E7 /* InfoPlist.strings in Resources */,
			);
			runOnlyForDeploymentPostprocessing = 0;
		};
/* End PBXResourcesBuildPhase section */

/* Begin PBXSourcesBuildPhase section */
		B0782C34194BB3700022E6E7 /* Sources */ = {
			isa = PBXSourcesBuildPhase;
			buildActionMask = 2147483647;
			files = (
				B0782C4C194BB3700022E6E7 /* AppDelegate.m in Sources */,
				0EB32011194E4AC3005A3B82 /* SearchTableViewCell.m in Sources */,
				B0782CD1194F850B0022E6E7 /* EditProfileViewController.m in Sources */,
				0EB3200E194E384D005A3B82 /* Bar.m in Sources */,
				0ECEAEEE194F8AD200B92C40 /* BarWebpageViewController.m in Sources */,
				0EB3200B194CBDD0005A3B82 /* TDOAuth.m in Sources */,
				9BDBE500194F47380045C05B /* OPPViewController.m in Sources */,
				9BDBE503194F47830045C05B /* ChatBoxViewController.m in Sources */,
				9BDBE4FD194F3EB50045C05B /* MCManager.m in Sources */,
				0EB32001194BC19E005A3B82 /* ChatViewController.m in Sources */,
				0EB31FFB194BC158005A3B82 /* SearchViewController.m in Sources */,
				0ECEAEE8194F69A000B92C40 /* YelpBar.m in Sources */,
				B0782C48194BB3700022E6E7 /* main.m in Sources */,
				0EB31FFE194BC176005A3B82 /* ProfileViewController.m in Sources */,
				9BDBE506194F50200045C05B /* ListOfUsersTableViewCell.m in Sources */,
				0ECEAEEB194F6FAC00B92C40 /* BarDetailViewController.m in Sources */,
			);
			runOnlyForDeploymentPostprocessing = 0;
		};
		B0782C55194BB3700022E6E7 /* Sources */ = {
			isa = PBXSourcesBuildPhase;
			buildActionMask = 2147483647;
			files = (
				B0782C67194BB3700022E6E7 /* PubChatterTests.m in Sources */,
			);
			runOnlyForDeploymentPostprocessing = 0;
		};
/* End PBXSourcesBuildPhase section */

/* Begin PBXTargetDependency section */
		B0782C5F194BB3700022E6E7 /* PBXTargetDependency */ = {
			isa = PBXTargetDependency;
			target = B0782C37194BB3700022E6E7 /* PubChatter */;
			targetProxy = B0782C5E194BB3700022E6E7 /* PBXContainerItemProxy */;
		};
/* End PBXTargetDependency section */

/* Begin PBXVariantGroup section */
		B0782C44194BB3700022E6E7 /* InfoPlist.strings */ = {
			isa = PBXVariantGroup;
			children = (
				B0782C45194BB3700022E6E7 /* en */,
			);
			name = InfoPlist.strings;
			sourceTree = "<group>";
		};
		B0782C4D194BB3700022E6E7 /* Main.storyboard */ = {
			isa = PBXVariantGroup;
			children = (
				B0782C4E194BB3700022E6E7 /* Base */,
			);
			name = Main.storyboard;
			sourceTree = "<group>";
		};
		B0782C63194BB3700022E6E7 /* InfoPlist.strings */ = {
			isa = PBXVariantGroup;
			children = (
				B0782C64194BB3700022E6E7 /* en */,
			);
			name = InfoPlist.strings;
			sourceTree = "<group>";
		};
/* End PBXVariantGroup section */

/* Begin XCBuildConfiguration section */
		B0782C68194BB3700022E6E7 /* Debug */ = {
			isa = XCBuildConfiguration;
			buildSettings = {
				ALWAYS_SEARCH_USER_PATHS = NO;
				CLANG_CXX_LANGUAGE_STANDARD = "gnu++0x";
				CLANG_CXX_LIBRARY = "libc++";
				CLANG_ENABLE_MODULES = YES;
				CLANG_ENABLE_OBJC_ARC = YES;
				CLANG_WARN_BOOL_CONVERSION = YES;
				CLANG_WARN_CONSTANT_CONVERSION = YES;
				CLANG_WARN_DIRECT_OBJC_ISA_USAGE = YES_ERROR;
				CLANG_WARN_EMPTY_BODY = YES;
				CLANG_WARN_ENUM_CONVERSION = YES;
				CLANG_WARN_INT_CONVERSION = YES;
				CLANG_WARN_OBJC_ROOT_CLASS = YES_ERROR;
				CLANG_WARN__DUPLICATE_METHOD_MATCH = YES;
				"CODE_SIGN_IDENTITY[sdk=iphoneos*]" = "iPhone Developer";
				COPY_PHASE_STRIP = NO;
				GCC_C_LANGUAGE_STANDARD = gnu99;
				GCC_DYNAMIC_NO_PIC = NO;
				GCC_OPTIMIZATION_LEVEL = 0;
				GCC_PREPROCESSOR_DEFINITIONS = (
					"DEBUG=1",
					"$(inherited)",
				);
				GCC_SYMBOLS_PRIVATE_EXTERN = NO;
				GCC_WARN_64_TO_32_BIT_CONVERSION = YES;
				GCC_WARN_ABOUT_RETURN_TYPE = YES_ERROR;
				GCC_WARN_UNDECLARED_SELECTOR = YES;
				GCC_WARN_UNINITIALIZED_AUTOS = YES_AGGRESSIVE;
				GCC_WARN_UNUSED_FUNCTION = YES;
				GCC_WARN_UNUSED_VARIABLE = YES;
				IPHONEOS_DEPLOYMENT_TARGET = 7.1;
				ONLY_ACTIVE_ARCH = YES;
				SDKROOT = iphoneos;
			};
			name = Debug;
		};
		B0782C69194BB3700022E6E7 /* Release */ = {
			isa = XCBuildConfiguration;
			buildSettings = {
				ALWAYS_SEARCH_USER_PATHS = NO;
				CLANG_CXX_LANGUAGE_STANDARD = "gnu++0x";
				CLANG_CXX_LIBRARY = "libc++";
				CLANG_ENABLE_MODULES = YES;
				CLANG_ENABLE_OBJC_ARC = YES;
				CLANG_WARN_BOOL_CONVERSION = YES;
				CLANG_WARN_CONSTANT_CONVERSION = YES;
				CLANG_WARN_DIRECT_OBJC_ISA_USAGE = YES_ERROR;
				CLANG_WARN_EMPTY_BODY = YES;
				CLANG_WARN_ENUM_CONVERSION = YES;
				CLANG_WARN_INT_CONVERSION = YES;
				CLANG_WARN_OBJC_ROOT_CLASS = YES_ERROR;
				CLANG_WARN__DUPLICATE_METHOD_MATCH = YES;
				"CODE_SIGN_IDENTITY[sdk=iphoneos*]" = "iPhone Developer";
				COPY_PHASE_STRIP = YES;
				ENABLE_NS_ASSERTIONS = NO;
				GCC_C_LANGUAGE_STANDARD = gnu99;
				GCC_WARN_64_TO_32_BIT_CONVERSION = YES;
				GCC_WARN_ABOUT_RETURN_TYPE = YES_ERROR;
				GCC_WARN_UNDECLARED_SELECTOR = YES;
				GCC_WARN_UNINITIALIZED_AUTOS = YES_AGGRESSIVE;
				GCC_WARN_UNUSED_FUNCTION = YES;
				GCC_WARN_UNUSED_VARIABLE = YES;
				IPHONEOS_DEPLOYMENT_TARGET = 7.1;
				SDKROOT = iphoneos;
				VALIDATE_PRODUCT = YES;
			};
			name = Release;
		};
		B0782C6B194BB3700022E6E7 /* Debug */ = {
			isa = XCBuildConfiguration;
			buildSettings = {
				ASSETCATALOG_COMPILER_APPICON_NAME = AppIcon;
				ASSETCATALOG_COMPILER_LAUNCHIMAGE_NAME = LaunchImage;
				FRAMEWORK_SEARCH_PATHS = (
					"$(inherited)",
					/Users/yeahright/Desktop,
					"$(PROJECT_DIR)",
				);
				GCC_PRECOMPILE_PREFIX_HEADER = YES;
				GCC_PREFIX_HEADER = "PubChatter/PubChatter-Prefix.pch";
				INFOPLIST_FILE = "PubChatter/PubChatter-Info.plist";
				PRODUCT_NAME = "$(TARGET_NAME)";
				WRAPPER_EXTENSION = app;
			};
			name = Debug;
		};
		B0782C6C194BB3700022E6E7 /* Release */ = {
			isa = XCBuildConfiguration;
			buildSettings = {
				ASSETCATALOG_COMPILER_APPICON_NAME = AppIcon;
				ASSETCATALOG_COMPILER_LAUNCHIMAGE_NAME = LaunchImage;
				FRAMEWORK_SEARCH_PATHS = (
					"$(inherited)",
					/Users/yeahright/Desktop,
					"$(PROJECT_DIR)",
				);
				GCC_PRECOMPILE_PREFIX_HEADER = YES;
				GCC_PREFIX_HEADER = "PubChatter/PubChatter-Prefix.pch";
				INFOPLIST_FILE = "PubChatter/PubChatter-Info.plist";
				PRODUCT_NAME = "$(TARGET_NAME)";
				WRAPPER_EXTENSION = app;
			};
			name = Release;
		};
		B0782C6E194BB3700022E6E7 /* Debug */ = {
			isa = XCBuildConfiguration;
			buildSettings = {
				BUNDLE_LOADER = "$(BUILT_PRODUCTS_DIR)/PubChatter.app/PubChatter";
				FRAMEWORK_SEARCH_PATHS = (
					"$(SDKROOT)/Developer/Library/Frameworks",
					"$(inherited)",
					"$(DEVELOPER_FRAMEWORKS_DIR)",
				);
				GCC_PRECOMPILE_PREFIX_HEADER = YES;
				GCC_PREFIX_HEADER = "PubChatter/PubChatter-Prefix.pch";
				GCC_PREPROCESSOR_DEFINITIONS = (
					"DEBUG=1",
					"$(inherited)",
				);
				INFOPLIST_FILE = "PubChatterTests/PubChatterTests-Info.plist";
				PRODUCT_NAME = "$(TARGET_NAME)";
				TEST_HOST = "$(BUNDLE_LOADER)";
				WRAPPER_EXTENSION = xctest;
			};
			name = Debug;
		};
		B0782C6F194BB3700022E6E7 /* Release */ = {
			isa = XCBuildConfiguration;
			buildSettings = {
				BUNDLE_LOADER = "$(BUILT_PRODUCTS_DIR)/PubChatter.app/PubChatter";
				FRAMEWORK_SEARCH_PATHS = (
					"$(SDKROOT)/Developer/Library/Frameworks",
					"$(inherited)",
					"$(DEVELOPER_FRAMEWORKS_DIR)",
				);
				GCC_PRECOMPILE_PREFIX_HEADER = YES;
				GCC_PREFIX_HEADER = "PubChatter/PubChatter-Prefix.pch";
				INFOPLIST_FILE = "PubChatterTests/PubChatterTests-Info.plist";
				PRODUCT_NAME = "$(TARGET_NAME)";
				TEST_HOST = "$(BUNDLE_LOADER)";
				WRAPPER_EXTENSION = xctest;
			};
			name = Release;
		};
/* End XCBuildConfiguration section */

/* Begin XCConfigurationList section */
		B0782C33194BB3700022E6E7 /* Build configuration list for PBXProject "PubChatter" */ = {
			isa = XCConfigurationList;
			buildConfigurations = (
				B0782C68194BB3700022E6E7 /* Debug */,
				B0782C69194BB3700022E6E7 /* Release */,
			);
			defaultConfigurationIsVisible = 0;
			defaultConfigurationName = Release;
		};
		B0782C6A194BB3700022E6E7 /* Build configuration list for PBXNativeTarget "PubChatter" */ = {
			isa = XCConfigurationList;
			buildConfigurations = (
				B0782C6B194BB3700022E6E7 /* Debug */,
				B0782C6C194BB3700022E6E7 /* Release */,
			);
			defaultConfigurationIsVisible = 0;
			defaultConfigurationName = Release;
		};
		B0782C6D194BB3700022E6E7 /* Build configuration list for PBXNativeTarget "PubChatterTests" */ = {
			isa = XCConfigurationList;
			buildConfigurations = (
				B0782C6E194BB3700022E6E7 /* Debug */,
				B0782C6F194BB3700022E6E7 /* Release */,
			);
			defaultConfigurationIsVisible = 0;
			defaultConfigurationName = Release;
		};
/* End XCConfigurationList section */
	};
	rootObject = B0782C30194BB3700022E6E7 /* Project object */;
}
